
Microsoft Visual Studio Solution File, Format Version 12.00
# Visual Studio Version 17
VisualStudioVersion = 17.4.33110.190
MinimumVisualStudioVersion = 10.0.40219.1
Project("{FAE04EC0-301F-11D3-BF4B-00C04F79EFBC}") = "DizideTekrarEdenElemanlar", "DizideTekrarEdenElemanlar\DizideTekrarEdenElemanlar.csproj", "{5E3B2988-483F-4029-8EB8-AA3C8C2595B7}"
EndProject
Global
	GlobalSection(SolutionConfigurationPlatforms) = preSolution
		Debug|Any CPU = Debug|Any CPU
		Release|Any CPU = Release|Any CPU
	EndGlobalSection
	GlobalSection(ProjectConfigurationPlatforms) = postSolution
		{5E3B2988-483F-4029-8EB8-AA3C8C2595B7}.Debug|Any CPU.ActiveCfg = Debug|Any CPU
		{5E3B2988-483F-4029-8EB8-AA3C8C2595B7}.Debug|Any CPU.Build.0 = Debug|Any CPU
		{5E3B2988-483F-4029-8EB8-AA3C8C2595B7}.Release|Any CPU.ActiveCfg = Release|Any CPU
		{5E3B2988-483F-4029-8EB8-AA3C8C2595B7}.Release|Any CPU.Build.0 = Release|Any CPU
	EndGlobalSection
	GlobalSection(SolutionProperties) = preSolution
		HideSolutionNode = FALSE
	EndGlobalSection
	GlobalSection(ExtensibilityGlobals) = postSolution
		SolutionGuid = {704722F9-6EA8-41F1-A2C4-DAB6F3ED9EE5}
	EndGlobalSection
EndGlobal
